
Microsoft Visual Studio Solution File, Format Version 12.00
# Visual Studio Version 17
VisualStudioVersion = 17.4.33110.190
MinimumVisualStudioVersion = 10.0.40219.1
Project("{FAE04EC0-301F-11D3-BF4B-00C04F79EFBC}") = "20-11", "TestApp1\20-11.csproj", "{2A4FB52B-11A4-4041-A60E-535221933E2B}"
EndProject
Project("{FAE04EC0-301F-11D3-BF4B-00C04F79EFBC}") = "21-11", "21-11\21-11.csproj", "{CA42FF9B-D748-49A6-B345-78AF72DCC7FA}"
EndProject
Global
	GlobalSection(SolutionConfigurationPlatforms) = preSolution
		Debug|Any CPU = Debug|Any CPU
		Release|Any CPU = Release|Any CPU
	EndGlobalSection
	GlobalSection(ProjectConfigurationPlatforms) = postSolution
		{2A4FB52B-11A4-4041-A60E-535221933E2B}.Debug|Any CPU.ActiveCfg = Debug|Any CPU
		{2A4FB52B-11A4-4041-A60E-535221933E2B}.Debug|Any CPU.Build.0 = Debug|Any CPU
		{2A4FB52B-11A4-4041-A60E-535221933E2B}.Release|Any CPU.ActiveCfg = Release|Any CPU
		{2A4FB52B-11A4-4041-A60E-535221933E2B}.Release|Any CPU.Build.0 = Release|Any CPU
		{CA42FF9B-D748-49A6-B345-78AF72DCC7FA}.Debug|Any CPU.ActiveCfg = Debug|Any CPU
		{CA42FF9B-D748-49A6-B345-78AF72DCC7FA}.Debug|Any CPU.Build.0 = Debug|Any CPU
		{CA42FF9B-D748-49A6-B345-78AF72DCC7FA}.Release|Any CPU.ActiveCfg = Release|Any CPU
		{CA42FF9B-D748-49A6-B345-78AF72DCC7FA}.Release|Any CPU.Build.0 = Release|Any CPU
	EndGlobalSection
	GlobalSection(SolutionProperties) = preSolution
		HideSolutionNode = FALSE
	EndGlobalSection
	GlobalSection(ExtensibilityGlobals) = postSolution
		SolutionGuid = {F3B6A8B1-B4B2-4639-8958-DF6C6DECEA5F}
	EndGlobalSection
EndGlobal
